
Microsoft Visual Studio Solution File, Format Version 12.00
# Visual Studio Version 17
VisualStudioVersion = 17.14.36202.13
MinimumVisualStudioVersion = 10.0.40219.1
Project("{FAE04EC0-301F-11D3-BF4B-00C04F79EFBC}") = "BassesModManager", "BassesModManager.csproj", "{80A42089-964D-CD0A-C1BD-A4F8E9589B6B}"
EndProject
Project("{FAE04EC0-301F-11D3-BF4B-00C04F79EFBC}") = "FrostyModSupport", "..\FrostyModSupport\FrostyModSupport.csproj", "{E703B059-36F3-4EBF-8F86-32561BC47DCB}"
EndProject
Project("{FAE04EC0-301F-11D3-BF4B-00C04F79EFBC}") = "FrostySdk", "..\FrostySdk\FrostySdk.csproj", "{93FB4A0C-DF89-4169-80B5-C4E2277FF7A0}"
EndProject
Project("{FAE04EC0-301F-11D3-BF4B-00C04F79EFBC}") = "FrostyCmd", "..\FrostyCmd\FrostyCmd.csproj", "{500ACAB7-D948-4BCA-8208-20812D712DDB}"
EndProject
Project("{FAE04EC0-301F-11D3-BF4B-00C04F79EFBC}") = "FrostyControls", "..\FrostyControls\FrostyControls.csproj", "{51D3305B-48D0-4D4C-9D64-727185420EAC}"
EndProject
Project("{FAE04EC0-301F-11D3-BF4B-00C04F79EFBC}") = "FrostyCore", "..\FrostyPlugin\FrostyCore.csproj", "{D86D23D9-DB93-4D4E-B383-5022F759ABA8}"
EndProject
Project("{8BC9CEB8-8B4A-11D0-8D11-00A0C91BC942}") = "FrostyHash", "..\FrostyHash\FrostyHash.vcxproj", "{D1A29BF8-2E2E-47BE-845F-A6DD66D175BA}"
EndProject
Global
	GlobalSection(SolutionConfigurationPlatforms) = preSolution
		Debug|Any CPU = Debug|Any CPU
		Debug|x64 = Debug|x64
		Debug|x86 = Debug|x86
		Developer - Debug|Any CPU = Developer - Debug|Any CPU
		Developer - Debug|x64 = Developer - Debug|x64
		Developer - Debug|x86 = Developer - Debug|x86
		Release - Alpha|Any CPU = Release - Alpha|Any CPU
		Release - Alpha|x64 = Release - Alpha|x64
		Release - Alpha|x86 = Release - Alpha|x86
		Release - Beta|Any CPU = Release - Beta|Any CPU
		Release - Beta|x64 = Release - Beta|x64
		Release - Beta|x86 = Release - Beta|x86
		Release - Final|Any CPU = Release - Final|Any CPU
		Release - Final|x64 = Release - Final|x64
		Release - Final|x86 = Release - Final|x86
		Release|Any CPU = Release|Any CPU
		Release|x64 = Release|x64
		Release|x86 = Release|x86
	EndGlobalSection
	GlobalSection(ProjectConfigurationPlatforms) = postSolution
		{80A42089-964D-CD0A-C1BD-A4F8E9589B6B}.Debug|Any CPU.ActiveCfg = Debug|Any CPU
		{80A42089-964D-CD0A-C1BD-A4F8E9589B6B}.Debug|Any CPU.Build.0 = Debug|Any CPU
		{80A42089-964D-CD0A-C1BD-A4F8E9589B6B}.Debug|x64.ActiveCfg = Debug|Any CPU
		{80A42089-964D-CD0A-C1BD-A4F8E9589B6B}.Debug|x64.Build.0 = Debug|Any CPU
		{80A42089-964D-CD0A-C1BD-A4F8E9589B6B}.Debug|x86.ActiveCfg = Debug|Any CPU
		{80A42089-964D-CD0A-C1BD-A4F8E9589B6B}.Debug|x86.Build.0 = Debug|Any CPU
		{80A42089-964D-CD0A-C1BD-A4F8E9589B6B}.Developer - Debug|Any CPU.ActiveCfg = Debug|Any CPU
		{80A42089-964D-CD0A-C1BD-A4F8E9589B6B}.Developer - Debug|Any CPU.Build.0 = Debug|Any CPU
		{80A42089-964D-CD0A-C1BD-A4F8E9589B6B}.Developer - Debug|x64.ActiveCfg = Debug|Any CPU
		{80A42089-964D-CD0A-C1BD-A4F8E9589B6B}.Developer - Debug|x64.Build.0 = Debug|Any CPU
		{80A42089-964D-CD0A-C1BD-A4F8E9589B6B}.Developer - Debug|x86.ActiveCfg = Debug|Any CPU
		{80A42089-964D-CD0A-C1BD-A4F8E9589B6B}.Developer - Debug|x86.Build.0 = Debug|Any CPU
		{80A42089-964D-CD0A-C1BD-A4F8E9589B6B}.Release - Alpha|Any CPU.ActiveCfg = Release|Any CPU
		{80A42089-964D-CD0A-C1BD-A4F8E9589B6B}.Release - Alpha|Any CPU.Build.0 = Release|Any CPU
		{80A42089-964D-CD0A-C1BD-A4F8E9589B6B}.Release - Alpha|x64.ActiveCfg = Release|Any CPU
		{80A42089-964D-CD0A-C1BD-A4F8E9589B6B}.Release - Alpha|x64.Build.0 = Release|Any CPU
		{80A42089-964D-CD0A-C1BD-A4F8E9589B6B}.Release - Alpha|x86.ActiveCfg = Release|Any CPU
		{80A42089-964D-CD0A-C1BD-A4F8E9589B6B}.Release - Alpha|x86.Build.0 = Release|Any CPU
		{80A42089-964D-CD0A-C1BD-A4F8E9589B6B}.Release - Beta|Any CPU.ActiveCfg = Release|Any CPU
		{80A42089-964D-CD0A-C1BD-A4F8E9589B6B}.Release - Beta|Any CPU.Build.0 = Release|Any CPU
		{80A42089-964D-CD0A-C1BD-A4F8E9589B6B}.Release - Beta|x64.ActiveCfg = Release|Any CPU
		{80A42089-964D-CD0A-C1BD-A4F8E9589B6B}.Release - Beta|x64.Build.0 = Release|Any CPU
		{80A42089-964D-CD0A-C1BD-A4F8E9589B6B}.Release - Beta|x86.ActiveCfg = Release|Any CPU
		{80A42089-964D-CD0A-C1BD-A4F8E9589B6B}.Release - Beta|x86.Build.0 = Release|Any CPU
		{80A42089-964D-CD0A-C1BD-A4F8E9589B6B}.Release - Final|Any CPU.ActiveCfg = Release|Any CPU
		{80A42089-964D-CD0A-C1BD-A4F8E9589B6B}.Release - Final|Any CPU.Build.0 = Release|Any CPU
		{80A42089-964D-CD0A-C1BD-A4F8E9589B6B}.Release - Final|x64.ActiveCfg = Release|Any CPU
		{80A42089-964D-CD0A-C1BD-A4F8E9589B6B}.Release - Final|x64.Build.0 = Release|Any CPU
		{80A42089-964D-CD0A-C1BD-A4F8E9589B6B}.Release - Final|x86.ActiveCfg = Release|Any CPU
		{80A42089-964D-CD0A-C1BD-A4F8E9589B6B}.Release - Final|x86.Build.0 = Release|Any CPU
		{80A42089-964D-CD0A-C1BD-A4F8E9589B6B}.Release|Any CPU.ActiveCfg = Release|Any CPU
		{80A42089-964D-CD0A-C1BD-A4F8E9589B6B}.Release|Any CPU.Build.0 = Release|Any CPU
		{80A42089-964D-CD0A-C1BD-A4F8E9589B6B}.Release|x64.ActiveCfg = Release|Any CPU
		{80A42089-964D-CD0A-C1BD-A4F8E9589B6B}.Release|x64.Build.0 = Release|Any CPU
		{80A42089-964D-CD0A-C1BD-A4F8E9589B6B}.Release|x86.ActiveCfg = Release|Any CPU
		{80A42089-964D-CD0A-C1BD-A4F8E9589B6B}.Release|x86.Build.0 = Release|Any CPU
		{E703B059-36F3-4EBF-8F86-32561BC47DCB}.Debug|Any CPU.ActiveCfg = Developer - Debug|x64
		{E703B059-36F3-4EBF-8F86-32561BC47DCB}.Debug|Any CPU.Build.0 = Developer - Debug|x64
		{E703B059-36F3-4EBF-8F86-32561BC47DCB}.Debug|x64.ActiveCfg = Developer - Debug|x64
		{E703B059-36F3-4EBF-8F86-32561BC47DCB}.Debug|x64.Build.0 = Developer - Debug|x64
		{E703B059-36F3-4EBF-8F86-32561BC47DCB}.Debug|x86.ActiveCfg = Developer - Debug|x64
		{E703B059-36F3-4EBF-8F86-32561BC47DCB}.Debug|x86.Build.0 = Developer - Debug|x64
		{E703B059-36F3-4EBF-8F86-32561BC47DCB}.Developer - Debug|Any CPU.ActiveCfg = Developer - Debug|x64
		{E703B059-36F3-4EBF-8F86-32561BC47DCB}.Developer - Debug|Any CPU.Build.0 = Developer - Debug|x64
		{E703B059-36F3-4EBF-8F86-32561BC47DCB}.Developer - Debug|x64.ActiveCfg = Developer - Debug|x64
		{E703B059-36F3-4EBF-8F86-32561BC47DCB}.Developer - Debug|x64.Build.0 = Developer - Debug|x64
		{E703B059-36F3-4EBF-8F86-32561BC47DCB}.Developer - Debug|x86.ActiveCfg = Developer - Debug|x64
		{E703B059-36F3-4EBF-8F86-32561BC47DCB}.Developer - Debug|x86.Build.0 = Developer - Debug|x64
		{E703B059-36F3-4EBF-8F86-32561BC47DCB}.Release - Alpha|Any CPU.ActiveCfg = Release - Alpha|x64
		{E703B059-36F3-4EBF-8F86-32561BC47DCB}.Release - Alpha|Any CPU.Build.0 = Release - Alpha|x64
		{E703B059-36F3-4EBF-8F86-32561BC47DCB}.Release - Alpha|x64.ActiveCfg = Release - Alpha|x64
		{E703B059-36F3-4EBF-8F86-32561BC47DCB}.Release - Alpha|x64.Build.0 = Release - Alpha|x64
		{E703B059-36F3-4EBF-8F86-32561BC47DCB}.Release - Alpha|x86.ActiveCfg = Release - Alpha|x64
		{E703B059-36F3-4EBF-8F86-32561BC47DCB}.Release - Alpha|x86.Build.0 = Release - Alpha|x64
		{E703B059-36F3-4EBF-8F86-32561BC47DCB}.Release - Beta|Any CPU.ActiveCfg = Release - Beta|x64
		{E703B059-36F3-4EBF-8F86-32561BC47DCB}.Release - Beta|Any CPU.Build.0 = Release - Beta|x64
		{E703B059-36F3-4EBF-8F86-32561BC47DCB}.Release - Beta|x64.ActiveCfg = Release - Beta|x64
		{E703B059-36F3-4EBF-8F86-32561BC47DCB}.Release - Beta|x64.Build.0 = Release - Beta|x64
		{E703B059-36F3-4EBF-8F86-32561BC47DCB}.Release - Beta|x86.ActiveCfg = Release - Beta|x64
		{E703B059-36F3-4EBF-8F86-32561BC47DCB}.Release - Beta|x86.Build.0 = Release - Beta|x64
		{E703B059-36F3-4EBF-8F86-32561BC47DCB}.Release - Final|Any CPU.ActiveCfg = Release - Final|x64
		{E703B059-36F3-4EBF-8F86-32561BC47DCB}.Release - Final|Any CPU.Build.0 = Release - Final|x64
		{E703B059-36F3-4EBF-8F86-32561BC47DCB}.Release - Final|x64.ActiveCfg = Release - Final|x64
		{E703B059-36F3-4EBF-8F86-32561BC47DCB}.Release - Final|x64.Build.0 = Release - Final|x64
		{E703B059-36F3-4EBF-8F86-32561BC47DCB}.Release - Final|x86.ActiveCfg = Release - Final|x64
		{E703B059-36F3-4EBF-8F86-32561BC47DCB}.Release - Final|x86.Build.0 = Release - Final|x64
		{E703B059-36F3-4EBF-8F86-32561BC47DCB}.Release|Any CPU.ActiveCfg = Release - Final|x64
		{E703B059-36F3-4EBF-8F86-32561BC47DCB}.Release|Any CPU.Build.0 = Release - Final|x64
		{E703B059-36F3-4EBF-8F86-32561BC47DCB}.Release|x64.ActiveCfg = Release - Alpha|x64
		{E703B059-36F3-4EBF-8F86-32561BC47DCB}.Release|x64.Build.0 = Release - Alpha|x64
		{E703B059-36F3-4EBF-8F86-32561BC47DCB}.Release|x86.ActiveCfg = Release - Alpha|x64
		{E703B059-36F3-4EBF-8F86-32561BC47DCB}.Release|x86.Build.0 = Release - Alpha|x64
		{93FB4A0C-DF89-4169-80B5-C4E2277FF7A0}.Debug|Any CPU.ActiveCfg = Developer - Debug|x64
		{93FB4A0C-DF89-4169-80B5-C4E2277FF7A0}.Debug|Any CPU.Build.0 = Developer - Debug|x64
		{93FB4A0C-DF89-4169-80B5-C4E2277FF7A0}.Debug|x64.ActiveCfg = Developer - Debug|x64
		{93FB4A0C-DF89-4169-80B5-C4E2277FF7A0}.Debug|x64.Build.0 = Developer - Debug|x64
		{93FB4A0C-DF89-4169-80B5-C4E2277FF7A0}.Debug|x86.ActiveCfg = Developer - Debug|x64
		{93FB4A0C-DF89-4169-80B5-C4E2277FF7A0}.Debug|x86.Build.0 = Developer - Debug|x64
		{93FB4A0C-DF89-4169-80B5-C4E2277FF7A0}.Developer - Debug|Any CPU.ActiveCfg = Developer - Debug|x64
		{93FB4A0C-DF89-4169-80B5-C4E2277FF7A0}.Developer - Debug|Any CPU.Build.0 = Developer - Debug|x64
		{93FB4A0C-DF89-4169-80B5-C4E2277FF7A0}.Developer - Debug|x64.ActiveCfg = Developer - Debug|x64
		{93FB4A0C-DF89-4169-80B5-C4E2277FF7A0}.Developer - Debug|x64.Build.0 = Developer - Debug|x64
		{93FB4A0C-DF89-4169-80B5-C4E2277FF7A0}.Developer - Debug|x86.ActiveCfg = Developer - Debug|x64
		{93FB4A0C-DF89-4169-80B5-C4E2277FF7A0}.Developer - Debug|x86.Build.0 = Developer - Debug|x64
		{93FB4A0C-DF89-4169-80B5-C4E2277FF7A0}.Release - Alpha|Any CPU.ActiveCfg = Release - Alpha|x64
		{93FB4A0C-DF89-4169-80B5-C4E2277FF7A0}.Release - Alpha|Any CPU.Build.0 = Release - Alpha|x64
		{93FB4A0C-DF89-4169-80B5-C4E2277FF7A0}.Release - Alpha|x64.ActiveCfg = Release - Alpha|x64
		{93FB4A0C-DF89-4169-80B5-C4E2277FF7A0}.Release - Alpha|x64.Build.0 = Release - Alpha|x64
		{93FB4A0C-DF89-4169-80B5-C4E2277FF7A0}.Release - Alpha|x86.ActiveCfg = Release - Alpha|x64
		{93FB4A0C-DF89-4169-80B5-C4E2277FF7A0}.Release - Alpha|x86.Build.0 = Release - Alpha|x64
		{93FB4A0C-DF89-4169-80B5-C4E2277FF7A0}.Release - Beta|Any CPU.ActiveCfg = Release - Beta|x64
		{93FB4A0C-DF89-4169-80B5-C4E2277FF7A0}.Release - Beta|Any CPU.Build.0 = Release - Beta|x64
		{93FB4A0C-DF89-4169-80B5-C4E2277FF7A0}.Release - Beta|x64.ActiveCfg = Release - Beta|x64
		{93FB4A0C-DF89-4169-80B5-C4E2277FF7A0}.Release - Beta|x64.Build.0 = Release - Beta|x64
		{93FB4A0C-DF89-4169-80B5-C4E2277FF7A0}.Release - Beta|x86.ActiveCfg = Release - Beta|x64
		{93FB4A0C-DF89-4169-80B5-C4E2277FF7A0}.Release - Beta|x86.Build.0 = Release - Beta|x64
		{93FB4A0C-DF89-4169-80B5-C4E2277FF7A0}.Release - Final|Any CPU.ActiveCfg = Release - Final|x64
		{93FB4A0C-DF89-4169-80B5-C4E2277FF7A0}.Release - Final|Any CPU.Build.0 = Release - Final|x64
		{93FB4A0C-DF89-4169-80B5-C4E2277FF7A0}.Release - Final|x64.ActiveCfg = Release - Final|x64
		{93FB4A0C-DF89-4169-80B5-C4E2277FF7A0}.Release - Final|x64.Build.0 = Release - Final|x64
		{93FB4A0C-DF89-4169-80B5-C4E2277FF7A0}.Release - Final|x86.ActiveCfg = Release - Final|x64
		{93FB4A0C-DF89-4169-80B5-C4E2277FF7A0}.Release - Final|x86.Build.0 = Release - Final|x64
		{93FB4A0C-DF89-4169-80B5-C4E2277FF7A0}.Release|Any CPU.ActiveCfg = Release - Final|x64
		{93FB4A0C-DF89-4169-80B5-C4E2277FF7A0}.Release|Any CPU.Build.0 = Release - Final|x64
		{93FB4A0C-DF89-4169-80B5-C4E2277FF7A0}.Release|x64.ActiveCfg = Release - Alpha|x64
		{93FB4A0C-DF89-4169-80B5-C4E2277FF7A0}.Release|x64.Build.0 = Release - Alpha|x64
		{93FB4A0C-DF89-4169-80B5-C4E2277FF7A0}.Release|x86.ActiveCfg = Release - Alpha|x64
		{93FB4A0C-DF89-4169-80B5-C4E2277FF7A0}.Release|x86.Build.0 = Release - Alpha|x64
		{500ACAB7-D948-4BCA-8208-20812D712DDB}.Debug|Any CPU.ActiveCfg = Developer - Debug|x64
		{500ACAB7-D948-4BCA-8208-20812D712DDB}.Debug|Any CPU.Build.0 = Developer - Debug|x64
		{500ACAB7-D948-4BCA-8208-20812D712DDB}.Debug|x64.ActiveCfg = Developer - Debug|x64
		{500ACAB7-D948-4BCA-8208-20812D712DDB}.Debug|x64.Build.0 = Developer - Debug|x64
		{500ACAB7-D948-4BCA-8208-20812D712DDB}.Debug|x86.ActiveCfg = Developer - Debug|x64
		{500ACAB7-D948-4BCA-8208-20812D712DDB}.Debug|x86.Build.0 = Developer - Debug|x64
		{500ACAB7-D948-4BCA-8208-20812D712DDB}.Developer - Debug|Any CPU.ActiveCfg = Developer - Debug|x64
		{500ACAB7-D948-4BCA-8208-20812D712DDB}.Developer - Debug|Any CPU.Build.0 = Developer - Debug|x64
		{500ACAB7-D948-4BCA-8208-20812D712DDB}.Developer - Debug|x64.ActiveCfg = Developer - Debug|x64
		{500ACAB7-D948-4BCA-8208-20812D712DDB}.Developer - Debug|x64.Build.0 = Developer - Debug|x64
		{500ACAB7-D948-4BCA-8208-20812D712DDB}.Developer - Debug|x86.ActiveCfg = Developer - Debug|x64
		{500ACAB7-D948-4BCA-8208-20812D712DDB}.Developer - Debug|x86.Build.0 = Developer - Debug|x64
		{500ACAB7-D948-4BCA-8208-20812D712DDB}.Release - Alpha|Any CPU.ActiveCfg = Release - Alpha|x64
		{500ACAB7-D948-4BCA-8208-20812D712DDB}.Release - Alpha|Any CPU.Build.0 = Release - Alpha|x64
		{500ACAB7-D948-4BCA-8208-20812D712DDB}.Release - Alpha|x64.ActiveCfg = Release - Alpha|x64
		{500ACAB7-D948-4BCA-8208-20812D712DDB}.Release - Alpha|x64.Build.0 = Release - Alpha|x64
		{500ACAB7-D948-4BCA-8208-20812D712DDB}.Release - Alpha|x86.ActiveCfg = Release - Alpha|x64
		{500ACAB7-D948-4BCA-8208-20812D712DDB}.Release - Alpha|x86.Build.0 = Release - Alpha|x64
		{500ACAB7-D948-4BCA-8208-20812D712DDB}.Release - Beta|Any CPU.ActiveCfg = Release - Beta|x64
		{500ACAB7-D948-4BCA-8208-20812D712DDB}.Release - Beta|Any CPU.Build.0 = Release - Beta|x64
		{500ACAB7-D948-4BCA-8208-20812D712DDB}.Release - Beta|x64.ActiveCfg = Release - Beta|x64
		{500ACAB7-D948-4BCA-8208-20812D712DDB}.Release - Beta|x64.Build.0 = Release - Beta|x64
		{500ACAB7-D948-4BCA-8208-20812D712DDB}.Release - Beta|x86.ActiveCfg = Release - Beta|x64
		{500ACAB7-D948-4BCA-8208-20812D712DDB}.Release - Beta|x86.Build.0 = Release - Beta|x64
		{500ACAB7-D948-4BCA-8208-20812D712DDB}.Release - Final|Any CPU.ActiveCfg = Release - Final|x64
		{500ACAB7-D948-4BCA-8208-20812D712DDB}.Release - Final|Any CPU.Build.0 = Release - Final|x64
		{500ACAB7-D948-4BCA-8208-20812D712DDB}.Release - Final|x64.ActiveCfg = Release - Final|x64
		{500ACAB7-D948-4BCA-8208-20812D712DDB}.Release - Final|x64.Build.0 = Release - Final|x64
		{500ACAB7-D948-4BCA-8208-20812D712DDB}.Release - Final|x86.ActiveCfg = Release - Final|x64
		{500ACAB7-D948-4BCA-8208-20812D712DDB}.Release - Final|x86.Build.0 = Release - Final|x64
		{500ACAB7-D948-4BCA-8208-20812D712DDB}.Release|Any CPU.ActiveCfg = Release - Final|x64
		{500ACAB7-D948-4BCA-8208-20812D712DDB}.Release|Any CPU.Build.0 = Release - Final|x64
		{500ACAB7-D948-4BCA-8208-20812D712DDB}.Release|x64.ActiveCfg = Release - Alpha|x64
		{500ACAB7-D948-4BCA-8208-20812D712DDB}.Release|x64.Build.0 = Release - Alpha|x64
		{500ACAB7-D948-4BCA-8208-20812D712DDB}.Release|x86.ActiveCfg = Release - Alpha|x64
		{500ACAB7-D948-4BCA-8208-20812D712DDB}.Release|x86.Build.0 = Release - Alpha|x64
		{51D3305B-48D0-4D4C-9D64-727185420EAC}.Debug|Any CPU.ActiveCfg = Developer - Debug|x64
		{51D3305B-48D0-4D4C-9D64-727185420EAC}.Debug|Any CPU.Build.0 = Developer - Debug|x64
		{51D3305B-48D0-4D4C-9D64-727185420EAC}.Debug|x64.ActiveCfg = Developer - Debug|x64
		{51D3305B-48D0-4D4C-9D64-727185420EAC}.Debug|x64.Build.0 = Developer - Debug|x64
		{51D3305B-48D0-4D4C-9D64-727185420EAC}.Debug|x86.ActiveCfg = Developer - Debug|x64
		{51D3305B-48D0-4D4C-9D64-727185420EAC}.Debug|x86.Build.0 = Developer - Debug|x64
		{51D3305B-48D0-4D4C-9D64-727185420EAC}.Developer - Debug|Any CPU.ActiveCfg = Developer - Debug|x64
		{51D3305B-48D0-4D4C-9D64-727185420EAC}.Developer - Debug|Any CPU.Build.0 = Developer - Debug|x64
		{51D3305B-48D0-4D4C-9D64-727185420EAC}.Developer - Debug|x64.ActiveCfg = Developer - Debug|x64
		{51D3305B-48D0-4D4C-9D64-727185420EAC}.Developer - Debug|x64.Build.0 = Developer - Debug|x64
		{51D3305B-48D0-4D4C-9D64-727185420EAC}.Developer - Debug|x86.ActiveCfg = Developer - Debug|x64
		{51D3305B-48D0-4D4C-9D64-727185420EAC}.Developer - Debug|x86.Build.0 = Developer - Debug|x64
		{51D3305B-48D0-4D4C-9D64-727185420EAC}.Release - Alpha|Any CPU.ActiveCfg = Release - Alpha|x64
		{51D3305B-48D0-4D4C-9D64-727185420EAC}.Release - Alpha|Any CPU.Build.0 = Release - Alpha|x64
		{51D3305B-48D0-4D4C-9D64-727185420EAC}.Release - Alpha|x64.ActiveCfg = Release - Alpha|x64
		{51D3305B-48D0-4D4C-9D64-727185420EAC}.Release - Alpha|x64.Build.0 = Release - Alpha|x64
		{51D3305B-48D0-4D4C-9D64-727185420EAC}.Release - Alpha|x86.ActiveCfg = Release - Alpha|x64
		{51D3305B-48D0-4D4C-9D64-727185420EAC}.Release - Alpha|x86.Build.0 = Release - Alpha|x64
		{51D3305B-48D0-4D4C-9D64-727185420EAC}.Release - Beta|Any CPU.ActiveCfg = Release - Beta|x64
		{51D3305B-48D0-4D4C-9D64-727185420EAC}.Release - Beta|Any CPU.Build.0 = Release - Beta|x64
		{51D3305B-48D0-4D4C-9D64-727185420EAC}.Release - Beta|x64.ActiveCfg = Release - Beta|x64
		{51D3305B-48D0-4D4C-9D64-727185420EAC}.Release - Beta|x64.Build.0 = Release - Beta|x64
		{51D3305B-48D0-4D4C-9D64-727185420EAC}.Release - Beta|x86.ActiveCfg = Release - Beta|x64
		{51D3305B-48D0-4D4C-9D64-727185420EAC}.Release - Beta|x86.Build.0 = Release - Beta|x64
		{51D3305B-48D0-4D4C-9D64-727185420EAC}.Release - Final|Any CPU.ActiveCfg = Release - Final|x64
		{51D3305B-48D0-4D4C-9D64-727185420EAC}.Release - Final|Any CPU.Build.0 = Release - Final|x64
		{51D3305B-48D0-4D4C-9D64-727185420EAC}.Release - Final|x64.ActiveCfg = Release - Final|x64
		{51D3305B-48D0-4D4C-9D64-727185420EAC}.Release - Final|x64.Build.0 = Release - Final|x64
		{51D3305B-48D0-4D4C-9D64-727185420EAC}.Release - Final|x86.ActiveCfg = Release - Final|x64
		{51D3305B-48D0-4D4C-9D64-727185420EAC}.Release - Final|x86.Build.0 = Release - Final|x64
		{51D3305B-48D0-4D4C-9D64-727185420EAC}.Release|Any CPU.ActiveCfg = Release - Final|x64
		{51D3305B-48D0-4D4C-9D64-727185420EAC}.Release|Any CPU.Build.0 = Release - Final|x64
		{51D3305B-48D0-4D4C-9D64-727185420EAC}.Release|x64.ActiveCfg = Release - Alpha|x64
		{51D3305B-48D0-4D4C-9D64-727185420EAC}.Release|x64.Build.0 = Release - Alpha|x64
		{51D3305B-48D0-4D4C-9D64-727185420EAC}.Release|x86.ActiveCfg = Release - Alpha|x64
		{51D3305B-48D0-4D4C-9D64-727185420EAC}.Release|x86.Build.0 = Release - Alpha|x64
		{D86D23D9-DB93-4D4E-B383-5022F759ABA8}.Debug|Any CPU.ActiveCfg = Developer - Debug|x64
		{D86D23D9-DB93-4D4E-B383-5022F759ABA8}.Debug|Any CPU.Build.0 = Developer - Debug|x64
		{D86D23D9-DB93-4D4E-B383-5022F759ABA8}.Debug|x64.ActiveCfg = Developer - Debug|x64
		{D86D23D9-DB93-4D4E-B383-5022F759ABA8}.Debug|x64.Build.0 = Developer - Debug|x64
		{D86D23D9-DB93-4D4E-B383-5022F759ABA8}.Debug|x86.ActiveCfg = Developer - Debug|x64
		{D86D23D9-DB93-4D4E-B383-5022F759ABA8}.Debug|x86.Build.0 = Developer - Debug|x64
		{D86D23D9-DB93-4D4E-B383-5022F759ABA8}.Developer - Debug|Any CPU.ActiveCfg = Developer - Debug|x64
		{D86D23D9-DB93-4D4E-B383-5022F759ABA8}.Developer - Debug|Any CPU.Build.0 = Developer - Debug|x64
		{D86D23D9-DB93-4D4E-B383-5022F759ABA8}.Developer - Debug|x64.ActiveCfg = Developer - Debug|x64
		{D86D23D9-DB93-4D4E-B383-5022F759ABA8}.Developer - Debug|x64.Build.0 = Developer - Debug|x64
		{D86D23D9-DB93-4D4E-B383-5022F759ABA8}.Developer - Debug|x86.ActiveCfg = Developer - Debug|x64
		{D86D23D9-DB93-4D4E-B383-5022F759ABA8}.Developer - Debug|x86.Build.0 = Developer - Debug|x64
		{D86D23D9-DB93-4D4E-B383-5022F759ABA8}.Release - Alpha|Any CPU.ActiveCfg = Release - Alpha|x64
		{D86D23D9-DB93-4D4E-B383-5022F759ABA8}.Release - Alpha|Any CPU.Build.0 = Release - Alpha|x64
		{D86D23D9-DB93-4D4E-B383-5022F759ABA8}.Release - Alpha|x64.ActiveCfg = Release - Alpha|x64
		{D86D23D9-DB93-4D4E-B383-5022F759ABA8}.Release - Alpha|x64.Build.0 = Release - Alpha|x64
		{D86D23D9-DB93-4D4E-B383-5022F759ABA8}.Release - Alpha|x86.ActiveCfg = Release - Alpha|x64
		{D86D23D9-DB93-4D4E-B383-5022F759ABA8}.Release - Alpha|x86.Build.0 = Release - Alpha|x64
		{D86D23D9-DB93-4D4E-B383-5022F759ABA8}.Release - Beta|Any CPU.ActiveCfg = Release - Beta|x64
		{D86D23D9-DB93-4D4E-B383-5022F759ABA8}.Release - Beta|Any CPU.Build.0 = Release - Beta|x64
		{D86D23D9-DB93-4D4E-B383-5022F759ABA8}.Release - Beta|x64.ActiveCfg = Release - Beta|x64
		{D86D23D9-DB93-4D4E-B383-5022F759ABA8}.Release - Beta|x64.Build.0 = Release - Beta|x64
		{D86D23D9-DB93-4D4E-B383-5022F759ABA8}.Release - Beta|x86.ActiveCfg = Release - Beta|x64
		{D86D23D9-DB93-4D4E-B383-5022F759ABA8}.Release - Beta|x86.Build.0 = Release - Beta|x64
		{D86D23D9-DB93-4D4E-B383-5022F759ABA8}.Release - Final|Any CPU.ActiveCfg = Release - Final|x64
		{D86D23D9-DB93-4D4E-B383-5022F759ABA8}.Release - Final|Any CPU.Build.0 = Release - Final|x64
		{D86D23D9-DB93-4D4E-B383-5022F759ABA8}.Release - Final|x64.ActiveCfg = Release - Final|x64
		{D86D23D9-DB93-4D4E-B383-5022F759ABA8}.Release - Final|x64.Build.0 = Release - Final|x64
		{D86D23D9-DB93-4D4E-B383-5022F759ABA8}.Release - Final|x86.ActiveCfg = Release - Final|x64
		{D86D23D9-DB93-4D4E-B383-5022F759ABA8}.Release - Final|x86.Build.0 = Release - Final|x64
		{D86D23D9-DB93-4D4E-B383-5022F759ABA8}.Release|Any CPU.ActiveCfg = Release - Alpha|x64
		{D86D23D9-DB93-4D4E-B383-5022F759ABA8}.Release|Any CPU.Build.0 = Release - Alpha|x64
		{D86D23D9-DB93-4D4E-B383-5022F759ABA8}.Release|x64.ActiveCfg = Release - Beta|x64
		{D86D23D9-DB93-4D4E-B383-5022F759ABA8}.Release|x64.Build.0 = Release - Beta|x64
		{D86D23D9-DB93-4D4E-B383-5022F759ABA8}.Release|x86.ActiveCfg = Release - Beta|x64
		{D86D23D9-DB93-4D4E-B383-5022F759ABA8}.Release|x86.Build.0 = Release - Beta|x64
		{D1A29BF8-2E2E-47BE-845F-A6DD66D175BA}.Debug|Any CPU.ActiveCfg = Developer - Debug|x64
		{D1A29BF8-2E2E-47BE-845F-A6DD66D175BA}.Debug|Any CPU.Build.0 = Developer - Debug|x64
		{D1A29BF8-2E2E-47BE-845F-A6DD66D175BA}.Debug|x64.ActiveCfg = Developer - Debug|x64
		{D1A29BF8-2E2E-47BE-845F-A6DD66D175BA}.Debug|x64.Build.0 = Developer - Debug|x64
		{D1A29BF8-2E2E-47BE-845F-A6DD66D175BA}.Debug|x86.ActiveCfg = Developer - Debug|Win32
		{D1A29BF8-2E2E-47BE-845F-A6DD66D175BA}.Debug|x86.Build.0 = Developer - Debug|Win32
		{D1A29BF8-2E2E-47BE-845F-A6DD66D175BA}.Developer - Debug|Any CPU.ActiveCfg = Developer - Debug|x64
		{D1A29BF8-2E2E-47BE-845F-A6DD66D175BA}.Developer - Debug|Any CPU.Build.0 = Developer - Debug|x64
		{D1A29BF8-2E2E-47BE-845F-A6DD66D175BA}.Developer - Debug|x64.ActiveCfg = Developer - Debug|x64
		{D1A29BF8-2E2E-47BE-845F-A6DD66D175BA}.Developer - Debug|x64.Build.0 = Developer - Debug|x64
		{D1A29BF8-2E2E-47BE-845F-A6DD66D175BA}.Developer - Debug|x86.ActiveCfg = Developer - Debug|Win32
		{D1A29BF8-2E2E-47BE-845F-A6DD66D175BA}.Developer - Debug|x86.Build.0 = Developer - Debug|Win32
		{D1A29BF8-2E2E-47BE-845F-A6DD66D175BA}.Release - Alpha|Any CPU.ActiveCfg = Release - Alpha|x64
		{D1A29BF8-2E2E-47BE-845F-A6DD66D175BA}.Release - Alpha|Any CPU.Build.0 = Release - Alpha|x64
		{D1A29BF8-2E2E-47BE-845F-A6DD66D175BA}.Release - Alpha|x64.ActiveCfg = Release - Alpha|x64
		{D1A29BF8-2E2E-47BE-845F-A6DD66D175BA}.Release - Alpha|x64.Build.0 = Release - Alpha|x64
		{D1A29BF8-2E2E-47BE-845F-A6DD66D175BA}.Release - Alpha|x86.ActiveCfg = Release - Alpha|Win32
		{D1A29BF8-2E2E-47BE-845F-A6DD66D175BA}.Release - Alpha|x86.Build.0 = Release - Alpha|Win32
		{D1A29BF8-2E2E-47BE-845F-A6DD66D175BA}.Release - Beta|Any CPU.ActiveCfg = Release - Beta|x64
		{D1A29BF8-2E2E-47BE-845F-A6DD66D175BA}.Release - Beta|Any CPU.Build.0 = Release - Beta|x64
		{D1A29BF8-2E2E-47BE-845F-A6DD66D175BA}.Release - Beta|x64.ActiveCfg = Release - Beta|x64
		{D1A29BF8-2E2E-47BE-845F-A6DD66D175BA}.Release - Beta|x64.Build.0 = Release - Beta|x64
		{D1A29BF8-2E2E-47BE-845F-A6DD66D175BA}.Release - Beta|x86.ActiveCfg = Release - Beta|Win32
		{D1A29BF8-2E2E-47BE-845F-A6DD66D175BA}.Release - Beta|x86.Build.0 = Release - Beta|Win32
		{D1A29BF8-2E2E-47BE-845F-A6DD66D175BA}.Release - Final|Any CPU.ActiveCfg = Release - Final|x64
		{D1A29BF8-2E2E-47BE-845F-A6DD66D175BA}.Release - Final|Any CPU.Build.0 = Release - Final|x64
		{D1A29BF8-2E2E-47BE-845F-A6DD66D175BA}.Release - Final|x64.ActiveCfg = Release - Final|x64
		{D1A29BF8-2E2E-47BE-845F-A6DD66D175BA}.Release - Final|x64.Build.0 = Release - Final|x64
		{D1A29BF8-2E2E-47BE-845F-A6DD66D175BA}.Release - Final|x86.ActiveCfg = Release - Final|Win32
		{D1A29BF8-2E2E-47BE-845F-A6DD66D175BA}.Release - Final|x86.Build.0 = Release - Final|Win32
		{D1A29BF8-2E2E-47BE-845F-A6DD66D175BA}.Release|Any CPU.ActiveCfg = Release - Beta|x64
		{D1A29BF8-2E2E-47BE-845F-A6DD66D175BA}.Release|Any CPU.Build.0 = Release - Beta|x64
		{D1A29BF8-2E2E-47BE-845F-A6DD66D175BA}.Release|x64.ActiveCfg = Release - Beta|x64
		{D1A29BF8-2E2E-47BE-845F-A6DD66D175BA}.Release|x64.Build.0 = Release - Beta|x64
		{D1A29BF8-2E2E-47BE-845F-A6DD66D175BA}.Release|x86.ActiveCfg = Release - Beta|Win32
		{D1A29BF8-2E2E-47BE-845F-A6DD66D175BA}.Release|x86.Build.0 = Release - Beta|Win32
	EndGlobalSection
	GlobalSection(SolutionProperties) = preSolution
		HideSolutionNode = FALSE
	EndGlobalSection
	GlobalSection(ExtensibilityGlobals) = postSolution
		SolutionGuid = {B93CF51C-7502-4BF3-96C8-7F694403489C}
	EndGlobalSection
EndGlobal
